// !$*UTF8*$!
{
	archiveVersion = 1;
	classes = {
	};
	objectVersion = 46;
	objects = {

/* Begin PBXBuildFile section */
		0207DA581B56EA530066E2B4 /* Images.xcassets in Resources */ = {isa = PBXBuildFile; fileRef = 0207DA571B56EA530066E2B4 /* Images.xcassets */; };
		0D70E3E0D0054034A7830B1D /* libc++.1.tbd in Frameworks */ = {isa = PBXBuildFile; fileRef = 3FBC984BCE8447AC83153086 /* libc++.1.tbd */; };
		1D3623260D0F684500981E51 /* AppDelegate.m in Sources */ = {isa = PBXBuildFile; fileRef = 1D3623250D0F684500981E51 /* AppDelegate.m */; };
		1D60589B0D05DD56006BFB54 /* main.m in Sources */ = {isa = PBXBuildFile; fileRef = 29B97316FDCFA39411CA2CEA /* main.m */; };
		2893EA74551E4F25A6FC6739 /* CFNetwork.framework in Frameworks */ = {isa = PBXBuildFile; fileRef = 951DFC1061364145A6746A55 /* CFNetwork.framework */; };
		301BF552109A68D80062928A /* libCordova.a in Frameworks */ = {isa = PBXBuildFile; fileRef = 301BF535109A57CC0062928A /* libCordova.a */; settings = {ATTRIBUTES = (Required, ); }; };
		302D95F114D2391D003F00A1 /* MainViewController.m in Sources */ = {isa = PBXBuildFile; fileRef = 302D95EF14D2391D003F00A1 /* MainViewController.m */; };
		302D95F214D2391D003F00A1 /* MainViewController.xib in Resources */ = {isa = PBXBuildFile; fileRef = 302D95F014D2391D003F00A1 /* MainViewController.xib */; };
		3A3CBAA9FB6E4839ABE4FA7D /* CoreLocation.framework in Frameworks */ = {isa = PBXBuildFile; fileRef = D461853C39144869AA6221ED /* CoreLocation.framework */; };
		4AE22EBBF85E4C7FA581F431 /* Security.framework in Frameworks */ = {isa = PBXBuildFile; fileRef = 0CAEFC4C209C401B9143860A /* Security.framework */; };
		65DFF20FDE074E8F9DC42F34 /* libsqlite3.0.tbd in Frameworks */ = {isa = PBXBuildFile; fileRef = 14CAA744D091417EB0E7293C /* libsqlite3.0.tbd */; };
		6AFF5BF91D6E424B00AB3073 /* CDVLaunchScreen.storyboard in Resources */ = {isa = PBXBuildFile; fileRef = 6AFF5BF81D6E424B00AB3073 /* CDVLaunchScreen.storyboard */; };
		761EDFBA12494039A1EB9286 /* AppVersion.m in Sources */ = {isa = PBXBuildFile; fileRef = EC735C36A1D94493AE92D8C5 /* AppVersion.m */; };
		817209D0DDE74693B20B05F1 /* CDVCamera.m in Sources */ = {isa = PBXBuildFile; fileRef = 08F94C1E6B91456497849691 /* CDVCamera.m */; };
		9FE24E3B04B04FADBE666515 /* UIImage+CropScaleOrientation.m in Sources */ = {isa = PBXBuildFile; fileRef = B4E99EE9904D4588B0887A62 /* UIImage+CropScaleOrientation.m */; };
		B2B138C322E04EFFBDCCEBC9 /* libz.tbd in Frameworks */ = {isa = PBXBuildFile; fileRef = E96DEA5D4E3B4D1C96081A36 /* libz.tbd */; };
		B9FABA379E9945F297E67554 /* libWeChatSDK.a in Frameworks */ = {isa = PBXBuildFile; fileRef = FBCCBE9F9A9C4D74BBCCE3A8 /* libWeChatSDK.a */; };
		BB11199563F040CD9FB11436 /* ImageIO.framework in Frameworks */ = {isa = PBXBuildFile; fileRef = C671C846E7F84B00885830C9 /* ImageIO.framework */; settings = {ATTRIBUTES = (Weak, ); }; };
		D7179E8C30964152B5FF0487 /* CoreTelephony.framework in Frameworks */ = {isa = PBXBuildFile; fileRef = B702423CA06940A2885F80A5 /* CoreTelephony.framework */; };
		D935EFBD482A4E5FBC5B0556 /* AVFoundation.framework in Frameworks */ = {isa = PBXBuildFile; fileRef = 79F7A6CB46E8489B93353548 /* AVFoundation.framework */; };
		E1846C9D09754001AF56C5E7 /* CDVWechat.m in Sources */ = {isa = PBXBuildFile; fileRef = AEA9499A1DD84A5BB753E9A3 /* CDVWechat.m */; };
		E48C70AF50904956AB1ABEBE /* CDVJpegHeaderWriter.m in Sources */ = {isa = PBXBuildFile; fileRef = E46BA9DA084A4C8A87D598E5 /* CDVJpegHeaderWriter.m */; };
		F474D7FF2413409AAC17A4E7 /* SystemConfiguration.framework in Frameworks */ = {isa = PBXBuildFile; fileRef = C5C6CC1953D848668486260B /* SystemConfiguration.framework */; };
/* End PBXBuildFile section */

/* Begin PBXContainerItemProxy section */
		301BF534109A57CC0062928A /* PBXContainerItemProxy */ = {
			isa = PBXContainerItemProxy;
			containerPortal = 301BF52D109A57CC0062928A /* CordovaLib.xcodeproj */;
			proxyType = 2;
			remoteGlobalIDString = D2AAC07E0554694100DB518D;
			remoteInfo = CordovaLib;
		};
		301BF550109A68C00062928A /* PBXContainerItemProxy */ = {
			isa = PBXContainerItemProxy;
			containerPortal = 301BF52D109A57CC0062928A /* CordovaLib.xcodeproj */;
			proxyType = 1;
			remoteGlobalIDString = D2AAC07D0554694100DB518D;
			remoteInfo = CordovaLib;
		};
		907D8123214C687600058A10 /* PBXContainerItemProxy */ = {
			isa = PBXContainerItemProxy;
			containerPortal = 301BF52D109A57CC0062928A /* CordovaLib.xcodeproj */;
			proxyType = 2;
			remoteGlobalIDString = C0C01EB21E3911D50056E6CB;
			remoteInfo = Cordova;
		};
/* End PBXContainerItemProxy section */

/* Begin PBXFileReference section */
		01FA224199864EBBB4768B37 /* AppVersion.h */ = {isa = PBXFileReference; explicitFileType = undefined; fileEncoding = 4; includeInIndex = 0; lastKnownFileType = sourcecode.c.h; name = AppVersion.h; path = "cordova-plugin-app-version/AppVersion.h"; sourceTree = "<group>"; };
		0207DA571B56EA530066E2B4 /* Images.xcassets */ = {isa = PBXFileReference; lastKnownFileType = folder.assetcatalog; name = Images.xcassets; path = "极客思迪教师客户端/Images.xcassets"; sourceTree = SOURCE_ROOT; };
		08B6ADB5D67F408FA4CC76A1 /* CDVWechat.h */ = {isa = PBXFileReference; explicitFileType = undefined; fileEncoding = 4; includeInIndex = 0; lastKnownFileType = sourcecode.c.h; name = CDVWechat.h; path = "cordova-plugin-wechat/CDVWechat.h"; sourceTree = "<group>"; };
		08F94C1E6B91456497849691 /* CDVCamera.m */ = {isa = PBXFileReference; explicitFileType = undefined; fileEncoding = 4; includeInIndex = 0; lastKnownFileType = sourcecode.c.objc; name = CDVCamera.m; path = "cordova-plugin-camera/CDVCamera.m"; sourceTree = "<group>"; };
		0CAEFC4C209C401B9143860A /* Security.framework */ = {isa = PBXFileReference; explicitFileType = undefined; fileEncoding = 9; includeInIndex = 0; lastKnownFileType = wrapper.framework; name = Security.framework; path = System/Library/Frameworks/Security.framework; sourceTree = SDKROOT; };
		14CAA744D091417EB0E7293C /* libsqlite3.0.tbd */ = {isa = PBXFileReference; explicitFileType = undefined; fileEncoding = 9; includeInIndex = 0; lastKnownFileType = "sourcecode.text-based-dylib-definition"; name = libsqlite3.0.tbd; path = usr/lib/libsqlite3.0.tbd; sourceTree = SDKROOT; };
		1D3623240D0F684500981E51 /* AppDelegate.h */ = {isa = PBXFileReference; fileEncoding = 4; lastKnownFileType = sourcecode.c.h; path = AppDelegate.h; sourceTree = "<group>"; };
		1D3623250D0F684500981E51 /* AppDelegate.m */ = {isa = PBXFileReference; fileEncoding = 4; lastKnownFileType = sourcecode.c.objc; path = AppDelegate.m; sourceTree = "<group>"; };
		1D6058910D05DD3D006BFB54 /* 极客思迪教师客户端.app */ = {isa = PBXFileReference; explicitFileType = wrapper.application; includeInIndex = 0; path = "极客思迪教师客户端.app"; sourceTree = BUILT_PRODUCTS_DIR; };
		29B97316FDCFA39411CA2CEA /* main.m */ = {isa = PBXFileReference; fileEncoding = 4; lastKnownFileType = sourcecode.c.objc; path = main.m; sourceTree = "<group>"; };
		301BF52D109A57CC0062928A /* CordovaLib.xcodeproj */ = {isa = PBXFileReference; lastKnownFileType = "wrapper.pb-project"; name = CordovaLib.xcodeproj; path = CordovaLib/CordovaLib.xcodeproj; sourceTree = "<group>"; };
		301BF56E109A69640062928A /* www */ = {isa = PBXFileReference; lastKnownFileType = folder; path = www; sourceTree = SOURCE_ROOT; };
		302D95EE14D2391D003F00A1 /* MainViewController.h */ = {isa = PBXFileReference; fileEncoding = 4; lastKnownFileType = sourcecode.c.h; path = MainViewController.h; sourceTree = "<group>"; };
		302D95EF14D2391D003F00A1 /* MainViewController.m */ = {isa = PBXFileReference; fileEncoding = 4; lastKnownFileType = sourcecode.c.objc; path = MainViewController.m; sourceTree = "<group>"; };
		302D95F014D2391D003F00A1 /* MainViewController.xib */ = {isa = PBXFileReference; fileEncoding = 4; lastKnownFileType = file.xib; path = MainViewController.xib; sourceTree = "<group>"; };
		3047A50F1AB8059700498E2A /* build-debug.xcconfig */ = {isa = PBXFileReference; fileEncoding = 4; lastKnownFileType = text.xcconfig; name = "build-debug.xcconfig"; path = "cordova/build-debug.xcconfig"; sourceTree = SOURCE_ROOT; };
		3047A5101AB8059700498E2A /* build-release.xcconfig */ = {isa = PBXFileReference; fileEncoding = 4; lastKnownFileType = text.xcconfig; name = "build-release.xcconfig"; path = "cordova/build-release.xcconfig"; sourceTree = SOURCE_ROOT; };
		3047A5111AB8059700498E2A /* build.xcconfig */ = {isa = PBXFileReference; fileEncoding = 4; lastKnownFileType = text.xcconfig; name = build.xcconfig; path = cordova/build.xcconfig; sourceTree = SOURCE_ROOT; };
		30B6D347654F46C1805B5AD4 /* UIImage+CropScaleOrientation.h */ = {isa = PBXFileReference; explicitFileType = undefined; fileEncoding = 4; includeInIndex = 0; lastKnownFileType = sourcecode.c.h; name = "UIImage+CropScaleOrientation.h"; path = "cordova-plugin-camera/UIImage+CropScaleOrientation.h"; sourceTree = "<group>"; };
		32CA4F630368D1EE00C91783 /* 极客思迪教师客户端-Prefix.pch */ = {isa = PBXFileReference; fileEncoding = 4; lastKnownFileType = sourcecode.c.h; path = "极客思迪教师客户端-Prefix.pch"; sourceTree = "<group>"; };
		3FBC984BCE8447AC83153086 /* libc++.1.tbd */ = {isa = PBXFileReference; explicitFileType = undefined; fileEncoding = 9; includeInIndex = 0; lastKnownFileType = "sourcecode.text-based-dylib-definition"; name = "libc++.1.tbd"; path = "usr/lib/libc++.1.tbd"; sourceTree = SDKROOT; };
		4DCE1D8EEE9346F4B8397AD6 /* WXApi.h */ = {isa = PBXFileReference; explicitFileType = undefined; fileEncoding = 4; includeInIndex = 0; lastKnownFileType = sourcecode.c.h; name = WXApi.h; path = "cordova-plugin-wechat/WXApi.h"; sourceTree = "<group>"; };
		6AFF5BF81D6E424B00AB3073 /* CDVLaunchScreen.storyboard */ = {isa = PBXFileReference; fileEncoding = 4; lastKnownFileType = file.storyboard; name = CDVLaunchScreen.storyboard; path = "极客思迪教师客户端/CDVLaunchScreen.storyboard"; sourceTree = SOURCE_ROOT; };
		79F7A6CB46E8489B93353548 /* AVFoundation.framework */ = {isa = PBXFileReference; explicitFileType = undefined; fileEncoding = 9; includeInIndex = 0; lastKnownFileType = wrapper.framework; name = AVFoundation.framework; path = System/Library/Frameworks/AVFoundation.framework; sourceTree = SDKROOT; };
		8D1107310486CEB800E47090 /* 极客思迪教师客户端-Info.plist */ = {isa = PBXFileReference; fileEncoding = 4; lastKnownFileType = text.plist.xml; name = "极客思迪教师客户端-Info.plist"; path = "极客思迪教师客户端/极客思迪教师客户端-Info.plist"; plistStructureDefinitionIdentifier = "com.apple.xcode.plist.structure-definition.iphone.info-plist"; sourceTree = SOURCE_ROOT; };
		8E432E24D5CA419AA14AF72D /* CDVCamera.h */ = {isa = PBXFileReference; explicitFileType = undefined; fileEncoding = 4; includeInIndex = 0; lastKnownFileType = sourcecode.c.h; name = CDVCamera.h; path = "cordova-plugin-camera/CDVCamera.h"; sourceTree = "<group>"; };
		951DFC1061364145A6746A55 /* CFNetwork.framework */ = {isa = PBXFileReference; explicitFileType = undefined; fileEncoding = 9; includeInIndex = 0; lastKnownFileType = wrapper.framework; name = CFNetwork.framework; path = System/Library/Frameworks/CFNetwork.framework; sourceTree = SDKROOT; };
		998D3AEE1972481783D1BAD6 /* CDVJpegHeaderWriter.h */ = {isa = PBXFileReference; explicitFileType = undefined; fileEncoding = 4; includeInIndex = 0; lastKnownFileType = sourcecode.c.h; name = CDVJpegHeaderWriter.h; path = "cordova-plugin-camera/CDVJpegHeaderWriter.h"; sourceTree = "<group>"; };
		AEA9499A1DD84A5BB753E9A3 /* CDVWechat.m */ = {isa = PBXFileReference; explicitFileType = undefined; fileEncoding = 4; includeInIndex = 0; lastKnownFileType = sourcecode.c.objc; name = CDVWechat.m; path = "cordova-plugin-wechat/CDVWechat.m"; sourceTree = "<group>"; };
		B4E99EE9904D4588B0887A62 /* UIImage+CropScaleOrientation.m */ = {isa = PBXFileReference; explicitFileType = undefined; fileEncoding = 4; includeInIndex = 0; lastKnownFileType = sourcecode.c.objc; name = "UIImage+CropScaleOrientation.m"; path = "cordova-plugin-camera/UIImage+CropScaleOrientation.m"; sourceTree = "<group>"; };
		B702423CA06940A2885F80A5 /* CoreTelephony.framework */ = {isa = PBXFileReference; explicitFileType = undefined; fileEncoding = 9; includeInIndex = 0; lastKnownFileType = wrapper.framework; name = CoreTelephony.framework; path = System/Library/Frameworks/CoreTelephony.framework; sourceTree = SDKROOT; };
		BB6C420ADDC6483682455691 /* WXApiObject.h */ = {isa = PBXFileReference; explicitFileType = undefined; fileEncoding = 4; includeInIndex = 0; lastKnownFileType = sourcecode.c.h; name = WXApiObject.h; path = "cordova-plugin-wechat/WXApiObject.h"; sourceTree = "<group>"; };
		C5C6CC1953D848668486260B /* SystemConfiguration.framework */ = {isa = PBXFileReference; explicitFileType = undefined; fileEncoding = 9; includeInIndex = 0; lastKnownFileType = wrapper.framework; name = SystemConfiguration.framework; path = System/Library/Frameworks/SystemConfiguration.framework; sourceTree = SDKROOT; };
		C671C846E7F84B00885830C9 /* ImageIO.framework */ = {isa = PBXFileReference; explicitFileType = undefined; fileEncoding = 9; includeInIndex = 0; lastKnownFileType = wrapper.framework; name = ImageIO.framework; path = System/Library/Frameworks/ImageIO.framework; sourceTree = SDKROOT; };
		D461853C39144869AA6221ED /* CoreLocation.framework */ = {isa = PBXFileReference; explicitFileType = undefined; fileEncoding = 9; includeInIndex = 0; lastKnownFileType = wrapper.framework; name = CoreLocation.framework; path = System/Library/Frameworks/CoreLocation.framework; sourceTree = SDKROOT; };
		E46BA9DA084A4C8A87D598E5 /* CDVJpegHeaderWriter.m */ = {isa = PBXFileReference; explicitFileType = undefined; fileEncoding = 4; includeInIndex = 0; lastKnownFileType = sourcecode.c.objc; name = CDVJpegHeaderWriter.m; path = "cordova-plugin-camera/CDVJpegHeaderWriter.m"; sourceTree = "<group>"; };
		E96DEA5D4E3B4D1C96081A36 /* libz.tbd */ = {isa = PBXFileReference; explicitFileType = undefined; fileEncoding = 9; includeInIndex = 0; lastKnownFileType = "sourcecode.text-based-dylib-definition"; name = libz.tbd; path = usr/lib/libz.tbd; sourceTree = SDKROOT; };
		EB87FDF31871DA8E0020F90C /* www */ = {isa = PBXFileReference; lastKnownFileType = folder; name = www; path = ../../www; sourceTree = "<group>"; };
		EB87FDF41871DAF40020F90C /* config.xml */ = {isa = PBXFileReference; lastKnownFileType = text.xml; name = config.xml; path = ../../config.xml; sourceTree = "<group>"; };
		EC735C36A1D94493AE92D8C5 /* AppVersion.m */ = {isa = PBXFileReference; explicitFileType = undefined; fileEncoding = 4; includeInIndex = 0; lastKnownFileType = sourcecode.c.objc; name = AppVersion.m; path = "cordova-plugin-app-version/AppVersion.m"; sourceTree = "<group>"; };
		ED33DF2A687741AEAF9F8254 /* Bridging-Header.h */ = {isa = PBXFileReference; fileEncoding = 4; lastKnownFileType = sourcecode.c.h; path = "Bridging-Header.h"; sourceTree = "<group>"; };
		F2EF6F663D9943758DACFF6F /* CDVExif.h */ = {isa = PBXFileReference; explicitFileType = undefined; fileEncoding = 4; includeInIndex = 0; lastKnownFileType = sourcecode.c.h; name = CDVExif.h; path = "cordova-plugin-camera/CDVExif.h"; sourceTree = "<group>"; };
		F840E1F0165FE0F500CFE078 /* config.xml */ = {isa = PBXFileReference; lastKnownFileType = text.xml; name = config.xml; path = "极客思迪教师客户端/config.xml"; sourceTree = "<group>"; };
		FBCCBE9F9A9C4D74BBCCE3A8 /* libWeChatSDK.a */ = {isa = PBXFileReference; explicitFileType = undefined; fileEncoding = 9; includeInIndex = 0; lastKnownFileType = archive.ar; name = libWeChatSDK.a; path = "极客思迪教师客户端/Plugins/cordova-plugin-wechat/libWeChatSDK.a"; sourceTree = "<group>"; };
/* End PBXFileReference section */

/* Begin PBXFrameworksBuildPhase section */
		1D60588F0D05DD3D006BFB54 /* Frameworks */ = {
			isa = PBXFrameworksBuildPhase;
			buildActionMask = 2147483647;
			files = (
				301BF552109A68D80062928A /* libCordova.a in Frameworks */,
				BB11199563F040CD9FB11436 /* ImageIO.framework in Frameworks */,
				3A3CBAA9FB6E4839ABE4FA7D /* CoreLocation.framework in Frameworks */,
				D935EFBD482A4E5FBC5B0556 /* AVFoundation.framework in Frameworks */,
				B9FABA379E9945F297E67554 /* libWeChatSDK.a in Frameworks */,
				B2B138C322E04EFFBDCCEBC9 /* libz.tbd in Frameworks */,
				65DFF20FDE074E8F9DC42F34 /* libsqlite3.0.tbd in Frameworks */,
				D7179E8C30964152B5FF0487 /* CoreTelephony.framework in Frameworks */,
				F474D7FF2413409AAC17A4E7 /* SystemConfiguration.framework in Frameworks */,
				4AE22EBBF85E4C7FA581F431 /* Security.framework in Frameworks */,
				2893EA74551E4F25A6FC6739 /* CFNetwork.framework in Frameworks */,
				0D70E3E0D0054034A7830B1D /* libc++.1.tbd in Frameworks */,
			);
			runOnlyForDeploymentPostprocessing = 0;
		};
/* End PBXFrameworksBuildPhase section */

/* Begin PBXGroup section */
		080E96DDFE201D6D7F000001 /* Classes */ = {
			isa = PBXGroup;
			children = (
				302D95EE14D2391D003F00A1 /* MainViewController.h */,
				302D95EF14D2391D003F00A1 /* MainViewController.m */,
				302D95F014D2391D003F00A1 /* MainViewController.xib */,
				1D3623240D0F684500981E51 /* AppDelegate.h */,
				1D3623250D0F684500981E51 /* AppDelegate.m */,
			);
			name = Classes;
			path = "极客思迪教师客户端/Classes";
			sourceTree = SOURCE_ROOT;
		};
		19C28FACFE9D520D11CA2CBB /* Products */ = {
			isa = PBXGroup;
			children = (
				1D6058910D05DD3D006BFB54 /* 极客思迪教师客户端.app */,
			);
			name = Products;
			sourceTree = "<group>";
		};
		29B97314FDCFA39411CA2CEA /* CustomTemplate */ = {
			isa = PBXGroup;
			children = (
				EB87FDF41871DAF40020F90C /* config.xml */,
				EB87FDF31871DA8E0020F90C /* www */,
				EB87FDF11871DA420020F90C /* Staging */,
				301BF52D109A57CC0062928A /* CordovaLib.xcodeproj */,
				080E96DDFE201D6D7F000001 /* Classes */,
				307C750510C5A3420062BCA9 /* Plugins */,
				29B97315FDCFA39411CA2CEA /* Other Sources */,
				29B97317FDCFA39411CA2CEA /* Resources */,
				29B97323FDCFA39411CA2CEA /* Frameworks */,
				19C28FACFE9D520D11CA2CBB /* Products */,
			);
			name = CustomTemplate;
			sourceTree = "<group>";
		};
		29B97315FDCFA39411CA2CEA /* Other Sources */ = {
			isa = PBXGroup;
			children = (
				32CA4F630368D1EE00C91783 /* 极客思迪教师客户端-Prefix.pch */,
				29B97316FDCFA39411CA2CEA /* main.m */,
				ED33DF2A687741AEAF9F8254 /* Bridging-Header.h */,
			);
			name = "Other Sources";
			path = "极客思迪教师客户端";
			sourceTree = "<group>";
		};
		29B97317FDCFA39411CA2CEA /* Resources */ = {
			isa = PBXGroup;
			children = (
				0207DA571B56EA530066E2B4 /* Images.xcassets */,
				3047A50E1AB8057F00498E2A /* config */,
				8D1107310486CEB800E47090 /* 极客思迪教师客户端-Info.plist */,
				6AFF5BF81D6E424B00AB3073 /* CDVLaunchScreen.storyboard */,
			);
			name = Resources;
			path = "极客思迪教师客户端/Resources";
			sourceTree = "<group>";
		};
		29B97323FDCFA39411CA2CEA /* Frameworks */ = {
			isa = PBXGroup;
			children = (
				C671C846E7F84B00885830C9 /* ImageIO.framework */,
				D461853C39144869AA6221ED /* CoreLocation.framework */,
				79F7A6CB46E8489B93353548 /* AVFoundation.framework */,
				FBCCBE9F9A9C4D74BBCCE3A8 /* libWeChatSDK.a */,
				E96DEA5D4E3B4D1C96081A36 /* libz.tbd */,
				14CAA744D091417EB0E7293C /* libsqlite3.0.tbd */,
				B702423CA06940A2885F80A5 /* CoreTelephony.framework */,
				C5C6CC1953D848668486260B /* SystemConfiguration.framework */,
				0CAEFC4C209C401B9143860A /* Security.framework */,
				951DFC1061364145A6746A55 /* CFNetwork.framework */,
				3FBC984BCE8447AC83153086 /* libc++.1.tbd */,
			);
			name = Frameworks;
			sourceTree = "<group>";
		};
		301BF52E109A57CC0062928A /* Products */ = {
			isa = PBXGroup;
			children = (
				301BF535109A57CC0062928A /* libCordova.a */,
				907D8124214C687600058A10 /* Cordova.framework */,
			);
			name = Products;
			sourceTree = "<group>";
		};
		3047A50E1AB8057F00498E2A /* config */ = {
			isa = PBXGroup;
			children = (
				3047A50F1AB8059700498E2A /* build-debug.xcconfig */,
				3047A5101AB8059700498E2A /* build-release.xcconfig */,
				3047A5111AB8059700498E2A /* build.xcconfig */,
			);
			name = config;
			sourceTree = "<group>";
		};
		307C750510C5A3420062BCA9 /* Plugins */ = {
			isa = PBXGroup;
			children = (
				EC735C36A1D94493AE92D8C5 /* AppVersion.m */,
				01FA224199864EBBB4768B37 /* AppVersion.h */,
				B4E99EE9904D4588B0887A62 /* UIImage+CropScaleOrientation.m */,
				08F94C1E6B91456497849691 /* CDVCamera.m */,
				E46BA9DA084A4C8A87D598E5 /* CDVJpegHeaderWriter.m */,
				30B6D347654F46C1805B5AD4 /* UIImage+CropScaleOrientation.h */,
				8E432E24D5CA419AA14AF72D /* CDVCamera.h */,
				998D3AEE1972481783D1BAD6 /* CDVJpegHeaderWriter.h */,
				F2EF6F663D9943758DACFF6F /* CDVExif.h */,
				AEA9499A1DD84A5BB753E9A3 /* CDVWechat.m */,
				08B6ADB5D67F408FA4CC76A1 /* CDVWechat.h */,
				4DCE1D8EEE9346F4B8397AD6 /* WXApi.h */,
				BB6C420ADDC6483682455691 /* WXApiObject.h */,
			);
			name = Plugins;
			path = "极客思迪教师客户端/Plugins";
			sourceTree = SOURCE_ROOT;
		};
		EB87FDF11871DA420020F90C /* Staging */ = {
			isa = PBXGroup;
			children = (
				F840E1F0165FE0F500CFE078 /* config.xml */,
				301BF56E109A69640062928A /* www */,
			);
			name = Staging;
			sourceTree = "<group>";
		};
/* End PBXGroup section */

/* Begin PBXNativeTarget section */
		1D6058900D05DD3D006BFB54 /* 极客思迪教师客户端 */ = {
			isa = PBXNativeTarget;
			buildConfigurationList = 1D6058960D05DD3E006BFB54 /* Build configuration list for PBXNativeTarget "极客思迪教师客户端" */;
			buildPhases = (
				304B58A110DAC018002A0835 /* Copy www directory */,
				1D60588D0D05DD3D006BFB54 /* Resources */,
				1D60588E0D05DD3D006BFB54 /* Sources */,
				1D60588F0D05DD3D006BFB54 /* Frameworks */,
			);
			buildRules = (
			);
			dependencies = (
				301BF551109A68C00062928A /* PBXTargetDependency */,
			);
			name = "极客思迪教师客户端";
			productName = "极客思迪教师客户端";
			productReference = 1D6058910D05DD3D006BFB54 /* 极客思迪教师客户端.app */;
			productType = "com.apple.product-type.application";
		};
/* End PBXNativeTarget section */

/* Begin PBXProject section */
		29B97313FDCFA39411CA2CEA /* Project object */ = {
			isa = PBXProject;
			attributes = {
				LastUpgradeCheck = 510;
				TargetAttributes = {
					1D6058900D05DD3D006BFB54 = {
						ProvisioningStyle = Manual;
					};
				};
			};
			buildConfigurationList = C01FCF4E08A954540054247B /* Build configuration list for PBXProject "极客思迪教师客户端" */;
			compatibilityVersion = "Xcode 3.2";
			developmentRegion = English;
			hasScannedForEncodings = 1;
			knownRegions = (
				English,
				en,
			);
			mainGroup = 29B97314FDCFA39411CA2CEA /* CustomTemplate */;
			projectDirPath = "";
			projectReferences = (
				{
					ProductGroup = 301BF52E109A57CC0062928A /* Products */;
					ProjectRef = 301BF52D109A57CC0062928A /* CordovaLib.xcodeproj */;
				},
			);
			projectRoot = "";
			targets = (
				1D6058900D05DD3D006BFB54 /* 极客思迪教师客户端 */,
			);
		};
/* End PBXProject section */

/* Begin PBXReferenceProxy section */
		301BF535109A57CC0062928A /* libCordova.a */ = {
			isa = PBXReferenceProxy;
			fileType = archive.ar;
			path = libCordova.a;
			remoteRef = 301BF534109A57CC0062928A /* PBXContainerItemProxy */;
			sourceTree = BUILT_PRODUCTS_DIR;
		};
		907D8124214C687600058A10 /* Cordova.framework */ = {
			isa = PBXReferenceProxy;
			fileType = wrapper.framework;
			path = Cordova.framework;
			remoteRef = 907D8123214C687600058A10 /* PBXContainerItemProxy */;
			sourceTree = BUILT_PRODUCTS_DIR;
		};
/* End PBXReferenceProxy section */

/* Begin PBXResourcesBuildPhase section */
		1D60588D0D05DD3D006BFB54 /* Resources */ = {
			isa = PBXResourcesBuildPhase;
			buildActionMask = 2147483647;
			files = (
				302D95F214D2391D003F00A1 /* MainViewController.xib in Resources */,
				0207DA581B56EA530066E2B4 /* Images.xcassets in Resources */,
				6AFF5BF91D6E424B00AB3073 /* CDVLaunchScreen.storyboard in Resources */,
			);
			runOnlyForDeploymentPostprocessing = 0;
		};
/* End PBXResourcesBuildPhase section */

/* Begin PBXShellScriptBuildPhase section */
		304B58A110DAC018002A0835 /* Copy www directory */ = {
			isa = PBXShellScriptBuildPhase;
			buildActionMask = 2147483647;
			files = (
			);
			inputPaths = (
			);
			name = "Copy www directory";
			outputPaths = (
			);
			runOnlyForDeploymentPostprocessing = 0;
			shellPath = /bin/sh;
			shellScript = "\"$SRCROOT/极客思迪教师客户端/Scripts/copy-www-build-step.sh\"";
			showEnvVarsInLog = 0;
		};
/* End PBXShellScriptBuildPhase section */

/* Begin PBXSourcesBuildPhase section */
		1D60588E0D05DD3D006BFB54 /* Sources */ = {
			isa = PBXSourcesBuildPhase;
			buildActionMask = 2147483647;
			files = (
				1D60589B0D05DD56006BFB54 /* main.m in Sources */,
				1D3623260D0F684500981E51 /* AppDelegate.m in Sources */,
				302D95F114D2391D003F00A1 /* MainViewController.m in Sources */,
				761EDFBA12494039A1EB9286 /* AppVersion.m in Sources */,
				9FE24E3B04B04FADBE666515 /* UIImage+CropScaleOrientation.m in Sources */,
				817209D0DDE74693B20B05F1 /* CDVCamera.m in Sources */,
				E48C70AF50904956AB1ABEBE /* CDVJpegHeaderWriter.m in Sources */,
				E1846C9D09754001AF56C5E7 /* CDVWechat.m in Sources */,
			);
			runOnlyForDeploymentPostprocessing = 0;
		};
/* End PBXSourcesBuildPhase section */

/* Begin PBXTargetDependency section */
		301BF551109A68C00062928A /* PBXTargetDependency */ = {
			isa = PBXTargetDependency;
			name = CordovaLib;
			targetProxy = 301BF550109A68C00062928A /* PBXContainerItemProxy */;
		};
/* End PBXTargetDependency section */

/* Begin XCBuildConfiguration section */
		1D6058940D05DD3E006BFB54 /* Debug */ = {
			isa = XCBuildConfiguration;
			baseConfigurationReference = 3047A50F1AB8059700498E2A /* build-debug.xcconfig */;
			buildSettings = {
				ALWAYS_SEARCH_USER_PATHS = NO;
				ASSETCATALOG_COMPILER_APPICON_NAME = AppIcon;
				ASSETCATALOG_COMPILER_LAUNCHIMAGE_NAME = LaunchImage;
				CLANG_ENABLE_MODULES = YES;
				CLANG_ENABLE_OBJC_ARC = YES;
				CODE_SIGN_IDENTITY = "Apple Development";
				"CODE_SIGN_IDENTITY[sdk=iphoneos*]" = "";
				CODE_SIGN_STYLE = Manual;
				COPY_PHASE_STRIP = NO;
				CURRENT_PROJECT_VERSION = 1.0.5;
				DEVELOPMENT_TEAM = "";
				GCC_DYNAMIC_NO_PIC = NO;
				GCC_OPTIMIZATION_LEVEL = 0;
				GCC_PRECOMPILE_PREFIX_HEADER = YES;
				GCC_PREFIX_HEADER = "极客思迪教师客户端/极客思迪教师客户端-Prefix.pch";
				GCC_THUMB_SUPPORT = NO;
				GCC_VERSION = "";
				INFOPLIST_FILE = "极客思迪教师客户端/极客思迪教师客户端-Info.plist";
				IPHONEOS_DEPLOYMENT_TARGET = 10.0;
				LD_RUNPATH_SEARCH_PATHS = "@executable_path/Frameworks";
				LIBRARY_SEARCH_PATHS = (
					"$(inherited)",
					"\"$(SRCROOT)/$(TARGET_NAME)/Plugins/cordova-plugin-wechat\"",
				);
				MARKETING_VERSION = 1.0.5;
				PRODUCT_BUNDLE_IDENTIFIER = cn.geeksteam.staff;
				PRODUCT_NAME = "$(TARGET_NAME)";
				PROVISIONING_PROFILE = "6fc876f5-40ba-4e60-aaf6-376a3c91480b";
				PROVISIONING_PROFILE_SPECIFIER = "";
				TARGETED_DEVICE_FAMILY = 1;
			};
			name = Debug;
		};
		1D6058950D05DD3E006BFB54 /* Release */ = {
			isa = XCBuildConfiguration;
			baseConfigurationReference = 3047A5101AB8059700498E2A /* build-release.xcconfig */;
			buildSettings = {
				ALWAYS_SEARCH_USER_PATHS = NO;
				ASSETCATALOG_COMPILER_APPICON_NAME = AppIcon;
				ASSETCATALOG_COMPILER_LAUNCHIMAGE_NAME = LaunchImage;
				CLANG_ENABLE_MODULES = YES;
				CLANG_ENABLE_OBJC_ARC = YES;
				CODE_SIGN_IDENTITY = "iPhone Distribution";
				CODE_SIGN_STYLE = Manual;
				COPY_PHASE_STRIP = YES;
				CURRENT_PROJECT_VERSION = 1.0.5;
				DEVELOPMENT_TEAM = 4852RVF8ZC;
				GCC_PRECOMPILE_PREFIX_HEADER = YES;
				GCC_PREFIX_HEADER = "极客思迪教师客户端/极客思迪教师客户端-Prefix.pch";
				GCC_THUMB_SUPPORT = NO;
				GCC_VERSION = "";
				INFOPLIST_FILE = "极客思迪教师客户端/极客思迪教师客户端-Info.plist";
				IPHONEOS_DEPLOYMENT_TARGET = 10.0;
				LD_RUNPATH_SEARCH_PATHS = "@executable_path/Frameworks";
				LIBRARY_SEARCH_PATHS = (
					"$(inherited)",
					"\"$(SRCROOT)/$(TARGET_NAME)/Plugins/cordova-plugin-wechat\"",
				);
				MARKETING_VERSION = 1.0.5;
				PRODUCT_BUNDLE_IDENTIFIER = cn.geeksteam.staff;
				PRODUCT_NAME = "$(TARGET_NAME)";
				PROVISIONING_PROFILE = "6fc876f5-40ba-4e60-aaf6-376a3c91480b";
				PROVISIONING_PROFILE_SPECIFIER = staff;
				TARGETED_DEVICE_FAMILY = 1;
			};
			name = Release;
		};
		C01FCF4F08A954540054247B /* Debug */ = {
			isa = XCBuildConfiguration;
			baseConfigurationReference = 3047A5111AB8059700498E2A /* build.xcconfig */;
			buildSettings = {
				CLANG_ENABLE_MODULES = YES;
				CLANG_ENABLE_OBJC_ARC = YES;
				CLANG_WARN_BLOCK_CAPTURE_AUTORELEASING = YES;
				CLANG_WARN_BOOL_CONVERSION = YES;
				CLANG_WARN_COMMA = YES;
				CLANG_WARN_CONSTANT_CONVERSION = YES;
				CLANG_WARN_DEPRECATED_OBJC_IMPLEMENTATIONS = YES;
				CLANG_WARN_EMPTY_BODY = YES;
				CLANG_WARN_ENUM_CONVERSION = YES;
				CLANG_WARN_INFINITE_RECURSION = YES;
				CLANG_WARN_INT_CONVERSION = YES;
				CLANG_WARN_NON_LITERAL_NULL_CONVERSION = YES;
				CLANG_WARN_OBJC_IMPLICIT_RETAIN_SELF = YES;
				CLANG_WARN_OBJC_LITERAL_CONVERSION = YES;
				CLANG_WARN_RANGE_LOOP_ANALYSIS = YES;
				CLANG_WARN_STRICT_PROTOTYPES = YES;
				CLANG_WARN_SUSPICIOUS_MOVE = YES;
				CLANG_WARN_UNREACHABLE_CODE = YES;
				CLANG_WARN__DUPLICATE_METHOD_MATCH = YES;
				ENABLE_STRICT_OBJC_MSGSEND = YES;
				ENABLE_TESTABILITY = YES;
				GCC_C_LANGUAGE_STANDARD = c99;
				GCC_NO_COMMON_BLOCKS = YES;
				GCC_THUMB_SUPPORT = NO;
				GCC_VERSION = "";
				GCC_WARN_64_TO_32_BIT_CONVERSION = YES;
				GCC_WARN_ABOUT_RETURN_TYPE = YES;
				GCC_WARN_UNDECLARED_SELECTOR = YES;
				GCC_WARN_UNINITIALIZED_AUTOS = YES;
				GCC_WARN_UNUSED_FUNCTION = YES;
				GCC_WARN_UNUSED_VARIABLE = YES;
				ONLY_ACTIVE_ARCH = YES;
				PRODUCT_BUNDLE_IDENTIFIER = cn.geeksteam.staff;
				SDKROOT = iphoneos;
				SKIP_INSTALL = NO;
				WK_WEB_VIEW_ONLY = 0;
			};
			name = Debug;
		};
		C01FCF5008A954540054247B /* Release */ = {
			isa = XCBuildConfiguration;
			baseConfigurationReference = 3047A5111AB8059700498E2A /* build.xcconfig */;
			buildSettings = {
				CLANG_ENABLE_MODULES = YES;
				CLANG_ENABLE_OBJC_ARC = YES;
				CLANG_WARN_BLOCK_CAPTURE_AUTORELEASING = YES;
				CLANG_WARN_BOOL_CONVERSION = YES;
				CLANG_WARN_COMMA = YES;
				CLANG_WARN_CONSTANT_CONVERSION = YES;
				CLANG_WARN_DEPRECATED_OBJC_IMPLEMENTATIONS = YES;
				CLANG_WARN_EMPTY_BODY = YES;
				CLANG_WARN_ENUM_CONVERSION = YES;
				CLANG_WARN_INFINITE_RECURSION = YES;
				CLANG_WARN_INT_CONVERSION = YES;
				CLANG_WARN_NON_LITERAL_NULL_CONVERSION = YES;
				CLANG_WARN_OBJC_IMPLICIT_RETAIN_SELF = YES;
				CLANG_WARN_OBJC_LITERAL_CONVERSION = YES;
				CLANG_WARN_RANGE_LOOP_ANALYSIS = YES;
				CLANG_WARN_STRICT_PROTOTYPES = YES;
				CLANG_WARN_SUSPICIOUS_MOVE = YES;
				CLANG_WARN_UNREACHABLE_CODE = YES;
				CLANG_WARN__DUPLICATE_METHOD_MATCH = YES;
				ENABLE_STRICT_OBJC_MSGSEND = YES;
				GCC_C_LANGUAGE_STANDARD = c99;
				GCC_NO_COMMON_BLOCKS = YES;
				GCC_THUMB_SUPPORT = NO;
				GCC_VERSION = "";
				GCC_WARN_64_TO_32_BIT_CONVERSION = YES;
				GCC_WARN_ABOUT_RETURN_TYPE = YES;
				GCC_WARN_UNDECLARED_SELECTOR = YES;
				GCC_WARN_UNINITIALIZED_AUTOS = YES;
				GCC_WARN_UNUSED_FUNCTION = YES;
				GCC_WARN_UNUSED_VARIABLE = YES;
				PRODUCT_BUNDLE_IDENTIFIER = cn.geeksteam.staff;
				SDKROOT = iphoneos;
				SKIP_INSTALL = NO;
				WK_WEB_VIEW_ONLY = 0;
			};
			name = Release;
		};
/* End XCBuildConfiguration section */

/* Begin XCConfigurationList section */
		1D6058960D05DD3E006BFB54 /* Build configuration list for PBXNativeTarget "极客思迪教师客户端" */ = {
			isa = XCConfigurationList;
			buildConfigurations = (
				1D6058940D05DD3E006BFB54 /* Debug */,
				1D6058950D05DD3E006BFB54 /* Release */,
			);
			defaultConfigurationIsVisible = 0;
			defaultConfigurationName = Release;
		};
		C01FCF4E08A954540054247B /* Build configuration list for PBXProject "极客思迪教师客户端" */ = {
			isa = XCConfigurationList;
			buildConfigurations = (
				C01FCF4F08A954540054247B /* Debug */,
				C01FCF5008A954540054247B /* Release */,
			);
			defaultConfigurationIsVisible = 0;
			defaultConfigurationName = Release;
		};
/* End XCConfigurationList section */
	};
	rootObject = 29B97313FDCFA39411CA2CEA /* Project object */;
}
